{
  "version": 1,
  "dependencies": {
    "net10.0": {
      "Meziantou.Analyzer": {
        "type": "Direct",
        "requested": "[3.0.84, )",
        "resolved": "3.0.84",
        "contentHash": "KMe2CatTUixfMYWhKbQQlH68ZX0bhjH4iRGhU2H/MV+oExAB1q9/uJp+lZJVe0wLudLUbLvsfH4+iJ1ADKw9Hw=="
      },
      "Microsoft.DotNet.ILCompiler": {
        "type": "Direct",
        "requested": "[10.0.8, )",
        "resolved": "10.0.8",
        "contentHash": "RJxitcN5CCyZDcPNXKLsecwKvACzmy8C1z8hGM9+hFcnPhv1jDysJFFIeUHIPWaZ6wDAfYtZcgKEtegvL2Nz8A=="
      },
      "Microsoft.NET.ILLink.Tasks": {
        "type": "Direct",
        "requested": "[10.0.8, )",
        "resolved": "10.0.8",
        "contentHash": "dVbSXGIFNR5nZcv2tOLoWI+a9T4jtFd77IYjuND+QVe360qWgAF7H0WtoopYhRw/+SgpGUTyrkrh+65+ClNnfw=="
      },
      "NetEscapades.EnumGenerators.Interceptors": {
        "type": "Direct",
        "requested": "[1.0.0-beta21, )",
        "resolved": "1.0.0-beta21",
        "contentHash": "8+ttOIpxpdQaMPmbby3fBCoJViT2O5RVGZKbyUqzoXfstNF3sjFDRTZvwu8kN/qM8iUaRJ5x0bDneGlSofeW0A==",
        "dependencies": {
          "NetEscapades.EnumGenerators": "1.0.0-beta21"
        }
      },
      "Theodicean.SourceGenerators": {
        "type": "Direct",
        "requested": "[0.0.7, )",
        "resolved": "0.0.7",
        "contentHash": "vv52M24uuilgutcYMhEK8rZG2xYbV8Dtt34LGxQC7OGRLOWf5vFo502ANRKrsWNXTUHfsInDmsUykkd3/MQY3w=="
      },
      "Theodicean.UnfoldedCircle.Server": {
        "type": "Direct",
        "requested": "[0.0.13-pre01, )",
        "resolved": "0.0.13-pre01",
        "contentHash": "c4BOwpounSwarLqSNx+NocG805aq9HramD6GX1vH9TUSzOf+Wfa5dHIfQaE/a2Gfzs4vReoccAPg2YKWYcT+ng==",
        "dependencies": {
          "Theodicean.Makaretu.Dns.Multicast": "0.0.10",
          "Theodicean.UnfoldedCircle.Models": "0.0.13-pre01"
        }
      },
      "NetEscapades.EnumGenerators": {
        "type": "Transitive",
        "resolved": "1.0.0-beta21",
        "contentHash": "GVhHFXkDBqzD96oc6sJGh9LQh+f50KvbwGxy+k5JuzIS8BHuTANo34tlJrv9T7jmofbucnE4pPhvPMu8dS0QUg==",
        "dependencies": {
          "NetEscapades.EnumGenerators.Generators": "1.0.0-beta21",
          "NetEscapades.EnumGenerators.RuntimeDependencies": "1.0.0-beta21"
        }
      },
      "NetEscapades.EnumGenerators.Generators": {
        "type": "Transitive",
        "resolved": "1.0.0-beta21",
        "contentHash": "hztPmuEjHzLqDM4gvXfRuaBAQt3EpRaduQoLW8jDxIk1lXuJwTGl+L5NTERx5WKyV3vDzQK9mDPwzA+E/R2xHA=="
      },
      "NetEscapades.EnumGenerators.RuntimeDependencies": {
        "type": "Transitive",
        "resolved": "1.0.0-beta21",
        "contentHash": "BYUQMIv1MFaFurVlxfyVFTTwwgMsfmGJLn2wiP77ZmegZ9WJbcRD+n62v4q2FOrBMPuP0W1bESASM1Wye/8sCw=="
      },
      "Theodicean.Makaretu.Dns": {
        "type": "Transitive",
        "resolved": "0.0.10",
        "contentHash": "ucDb6lSJ2GCmNOgo35bsCYrncZrZGXwLIO2QJogVtot7uGMKY9tEZwTHuvONEOeBLo0XZ+V02JGE9lPTAgCvvQ=="
      },
      "Theodicean.Makaretu.Dns.Multicast": {
        "type": "Transitive",
        "resolved": "0.0.10",
        "contentHash": "smAMedMdEAfTR1BYqY+f7x3bxKr9ntg6ni4ej9YuJDq9MyckjdKEH3K8sGDATt50kxfcnSV6g5qoQu7Efk9qSw==",
        "dependencies": {
          "Theodicean.Makaretu.Dns": "0.0.10"
        }
      },
      "Theodicean.UnfoldedCircle.Models": {
        "type": "Transitive",
        "resolved": "0.0.13-pre01",
        "contentHash": "FNK9H473FUsOxC1SexGXz+6rJ+S6VrajCDO5dlHxfxFyRAACSzSwFfuzevL+q0OgjRWr4e7cfi7vCnVy3+gd5g=="
      },
      "oppo": {
        "type": "Project",
        "dependencies": {
          "Microsoft.DotNet.ILCompiler": "[10.0.8, )",
          "NetEscapades.EnumGenerators.Interceptors": "[1.0.0-beta21, )"
        }
      }
    },
    "net10.0/linux-arm64": {
      "Microsoft.DotNet.ILCompiler": {
        "type": "Direct",
        "requested": "[10.0.8, )",
        "resolved": "10.0.8",
        "contentHash": "RJxitcN5CCyZDcPNXKLsecwKvACzmy8C1z8hGM9+hFcnPhv1jDysJFFIeUHIPWaZ6wDAfYtZcgKEtegvL2Nz8A==",
        "dependencies": {
          "runtime.linux-arm64.Microsoft.DotNet.ILCompiler": "10.0.8"
        }
      },
      "runtime.linux-arm64.Microsoft.DotNet.ILCompiler": {
        "type": "Transitive",
        "resolved": "10.0.8",
        "contentHash": "r08aFT7OAxQ1hQ2CZUSjldyMdAQbUjCrXu7bsk4R2U2piFVmyadTUVUtAkxWTvoaPFCIowUUnIiKz256EgygmQ=="
      }
    },
    "net10.0/linux-x64": {
      "Microsoft.DotNet.ILCompiler": {
        "type": "Direct",
        "requested": "[10.0.8, )",
        "resolved": "10.0.8",
        "contentHash": "RJxitcN5CCyZDcPNXKLsecwKvACzmy8C1z8hGM9+hFcnPhv1jDysJFFIeUHIPWaZ6wDAfYtZcgKEtegvL2Nz8A==",
        "dependencies": {
          "runtime.linux-x64.Microsoft.DotNet.ILCompiler": "10.0.8"
        }
      },
      "runtime.linux-x64.Microsoft.DotNet.ILCompiler": {
        "type": "Transitive",
        "resolved": "10.0.8",
        "contentHash": "0jxyi69frgaqADCnEpHE+f65NoiRTAjfjvNDMOxWV77BumQ56eMDL4ECw29DcJTqwaYJQ92PqDS6y6CiLf7kgw=="
      }
    },
    "net10.0/osx-arm64": {
      "Microsoft.DotNet.ILCompiler": {
        "type": "Direct",
        "requested": "[10.0.8, )",
        "resolved": "10.0.8",
        "contentHash": "RJxitcN5CCyZDcPNXKLsecwKvACzmy8C1z8hGM9+hFcnPhv1jDysJFFIeUHIPWaZ6wDAfYtZcgKEtegvL2Nz8A==",
        "dependencies": {
          "runtime.osx-arm64.Microsoft.DotNet.ILCompiler": "10.0.8"
        }
      },
      "runtime.osx-arm64.Microsoft.DotNet.ILCompiler": {
        "type": "Transitive",
        "resolved": "10.0.8",
        "contentHash": "SpZJlLqHlQw+X0AFgFlcIB7lf5wNSMOvDqXOk+c7c4sZvyduiYKkrsyZ4n4Q8hsmDr8CB2L9arXtNe2iMv4ahQ=="
      }
    },
    "net10.0/osx-x64": {
      "Microsoft.DotNet.ILCompiler": {
        "type": "Direct",
        "requested": "[10.0.8, )",
        "resolved": "10.0.8",
        "contentHash": "RJxitcN5CCyZDcPNXKLsecwKvACzmy8C1z8hGM9+hFcnPhv1jDysJFFIeUHIPWaZ6wDAfYtZcgKEtegvL2Nz8A==",
        "dependencies": {
          "runtime.osx-x64.Microsoft.DotNet.ILCompiler": "10.0.8"
        }
      },
      "runtime.osx-x64.Microsoft.DotNet.ILCompiler": {
        "type": "Transitive",
        "resolved": "10.0.8",
        "contentHash": "5cGCf47ZFVnooSjXpTR0jTVzJotiKhsmr3tw35NBHZ56rOwUaWLKak9taAqEoHebfUEYlBYajxXGLiGgrON1ow=="
      }
    },
    "net10.0/win-arm64": {
      "Microsoft.DotNet.ILCompiler": {
        "type": "Direct",
        "requested": "[10.0.8, )",
        "resolved": "10.0.8",
        "contentHash": "RJxitcN5CCyZDcPNXKLsecwKvACzmy8C1z8hGM9+hFcnPhv1jDysJFFIeUHIPWaZ6wDAfYtZcgKEtegvL2Nz8A==",
        "dependencies": {
          "runtime.win-arm64.Microsoft.DotNet.ILCompiler": "10.0.8"
        }
      },
      "runtime.win-arm64.Microsoft.DotNet.ILCompiler": {
        "type": "Transitive",
        "resolved": "10.0.8",
        "contentHash": "Pio3JTVKDkbLYego8PxF8avADSCSEMZYPiuTbhz7QagfwI9ssoMcN/MZmCJQn5Tph3mMggH6aGkcy/BI81gEZA=="
      }
    },
    "net10.0/win-x64": {
      "Microsoft.DotNet.ILCompiler": {
        "type": "Direct",
        "requested": "[10.0.8, )",
        "resolved": "10.0.8",
        "contentHash": "RJxitcN5CCyZDcPNXKLsecwKvACzmy8C1z8hGM9+hFcnPhv1jDysJFFIeUHIPWaZ6wDAfYtZcgKEtegvL2Nz8A==",
        "dependencies": {
          "runtime.win-x64.Microsoft.DotNet.ILCompiler": "10.0.8"
        }
      },
      "runtime.win-x64.Microsoft.DotNet.ILCompiler": {
        "type": "Transitive",
        "resolved": "10.0.8",
        "contentHash": "S+9omeowlFjRReD0VB/Q4u3DcN7+vueJSF37saFj0U2OSJIkfI7gGKQRsDxGIf0MwLha14qGrjRC3bDGhvF0Gg=="
      }
    }
  }
}