{
  "version": 1,
  "dependencies": {
    "net10.0": {
      "Meziantou.Analyzer": {
        "type": "Direct",
        "requested": "[3.0.123, )",
        "resolved": "3.0.123",
        "contentHash": "maXbWokGTRWiBGqxxN2J1vEVGHFc6yWSjbyc0KkrJ78PcjkeWm3Y4PrKUH0tMcknpJvQkM4twMKrgSYZmRNbcQ=="
      },
      "Microsoft.DotNet.ILCompiler": {
        "type": "Direct",
        "requested": "[10.0.10, )",
        "resolved": "10.0.10",
        "contentHash": "tnG8ntt/Bk6odvHREnGLMo3PEiihy5iSlIFVp0JbIo00GKtNRt2k73eKZbPqR5yaJNIa3z8R86YLwbxfqpb17g=="
      },
      "Microsoft.Extensions.Logging.Abstractions": {
        "type": "Direct",
        "requested": "[10.0.10, )",
        "resolved": "10.0.10",
        "contentHash": "zkFxGYUvdxAvIKTyXHrmW+Sux53D4SezD9dMyZ6hrwwzPQJNuwCRy1f5W7AvYTqacEGhWF2XderRQG1OvbV8og==",
        "dependencies": {
          "Microsoft.Extensions.DependencyInjection.Abstractions": "10.0.10"
        }
      },
      "Microsoft.NET.ILLink.Tasks": {
        "type": "Direct",
        "requested": "[10.0.10, )",
        "resolved": "10.0.10",
        "contentHash": "f5VCIE7AJpd5YvzNTeMGVzQIgyE9tX+AreTYwQF+REbu+DZo/2Ae+jNSwhPEYrVz6RRkd7y8ubXjk6Nn6Ka+Cg=="
      },
      "NetEscapades.EnumGenerators.Interceptors": {
        "type": "Direct",
        "requested": "[1.0.0-beta21, )",
        "resolved": "1.0.0-beta21",
        "contentHash": "8+ttOIpxpdQaMPmbby3fBCoJViT2O5RVGZKbyUqzoXfstNF3sjFDRTZvwu8kN/qM8iUaRJ5x0bDneGlSofeW0A==",
        "dependencies": {
          "NetEscapades.EnumGenerators": "1.0.0-beta21"
        }
      },
      "System.Threading.RateLimiting": {
        "type": "Direct",
        "requested": "[10.0.10, )",
        "resolved": "10.0.10",
        "contentHash": "8dMjvrdTREATqUeo3UTnrD3Z+6emcMyfPL0evj0q39c773DrmPOYX3HxKFU5Qoajq/jjjaFAKMGReib5PxmtOw=="
      },
      "Microsoft.Extensions.DependencyInjection.Abstractions": {
        "type": "Transitive",
        "resolved": "10.0.10",
        "contentHash": "z/2xXlFw2aLGjHyEm6E0tQ+In6VfzQzTrtArbQ2c0TQE16ZbyDCMGPvaUT9I0s8rgy9sRWlU2P9waW37qV04qA=="
      },
      "NetEscapades.EnumGenerators": {
        "type": "Transitive",
        "resolved": "1.0.0-beta21",
        "contentHash": "GVhHFXkDBqzD96oc6sJGh9LQh+f50KvbwGxy+k5JuzIS8BHuTANo34tlJrv9T7jmofbucnE4pPhvPMu8dS0QUg==",
        "dependencies": {
          "NetEscapades.EnumGenerators.Generators": "1.0.0-beta21",
          "NetEscapades.EnumGenerators.RuntimeDependencies": "1.0.0-beta21"
        }
      },
      "NetEscapades.EnumGenerators.Generators": {
        "type": "Transitive",
        "resolved": "1.0.0-beta21",
        "contentHash": "hztPmuEjHzLqDM4gvXfRuaBAQt3EpRaduQoLW8jDxIk1lXuJwTGl+L5NTERx5WKyV3vDzQK9mDPwzA+E/R2xHA=="
      },
      "NetEscapades.EnumGenerators.RuntimeDependencies": {
        "type": "Transitive",
        "resolved": "1.0.0-beta21",
        "contentHash": "BYUQMIv1MFaFurVlxfyVFTTwwgMsfmGJLn2wiP77ZmegZ9WJbcRD+n62v4q2FOrBMPuP0W1bESASM1Wye/8sCw=="
      }
    },
    "net10.0/linux-arm64": {
      "Microsoft.DotNet.ILCompiler": {
        "type": "Direct",
        "requested": "[10.0.10, )",
        "resolved": "10.0.10",
        "contentHash": "tnG8ntt/Bk6odvHREnGLMo3PEiihy5iSlIFVp0JbIo00GKtNRt2k73eKZbPqR5yaJNIa3z8R86YLwbxfqpb17g==",
        "dependencies": {
          "runtime.linux-arm64.Microsoft.DotNet.ILCompiler": "10.0.10"
        }
      },
      "runtime.linux-arm64.Microsoft.DotNet.ILCompiler": {
        "type": "Transitive",
        "resolved": "10.0.10",
        "contentHash": "FXDMdhzRF0cb0rBz3UTwE8yK7N/SGfleK7DSRpnqMdrJ5C05qoAtxvZoovZXzq2kqgPcE+6ryFcHq224HdOU0w=="
      }
    },
    "net10.0/linux-x64": {
      "Microsoft.DotNet.ILCompiler": {
        "type": "Direct",
        "requested": "[10.0.10, )",
        "resolved": "10.0.10",
        "contentHash": "tnG8ntt/Bk6odvHREnGLMo3PEiihy5iSlIFVp0JbIo00GKtNRt2k73eKZbPqR5yaJNIa3z8R86YLwbxfqpb17g==",
        "dependencies": {
          "runtime.linux-x64.Microsoft.DotNet.ILCompiler": "10.0.10"
        }
      },
      "runtime.linux-x64.Microsoft.DotNet.ILCompiler": {
        "type": "Transitive",
        "resolved": "10.0.10",
        "contentHash": "WRjSRBfv6A6UjgjO8EQuLe9xqdICpkQx1hACUziCw4B2uGL+2jVhkFLq/G7rxRr3MGvqLo9B+nNdfIJ/5CYN7A=="
      }
    },
    "net10.0/osx-arm64": {
      "Microsoft.DotNet.ILCompiler": {
        "type": "Direct",
        "requested": "[10.0.10, )",
        "resolved": "10.0.10",
        "contentHash": "tnG8ntt/Bk6odvHREnGLMo3PEiihy5iSlIFVp0JbIo00GKtNRt2k73eKZbPqR5yaJNIa3z8R86YLwbxfqpb17g==",
        "dependencies": {
          "runtime.osx-arm64.Microsoft.DotNet.ILCompiler": "10.0.10"
        }
      },
      "runtime.osx-arm64.Microsoft.DotNet.ILCompiler": {
        "type": "Transitive",
        "resolved": "10.0.10",
        "contentHash": "cY7edFqVviQMiSvPodJeLZhF6k56grh0QsvcR+2foAUgO0xXsMsVBQiHcZkeiIbhr+SPIklq90OZiJ7JVrc+Dg=="
      }
    },
    "net10.0/osx-x64": {
      "Microsoft.DotNet.ILCompiler": {
        "type": "Direct",
        "requested": "[10.0.10, )",
        "resolved": "10.0.10",
        "contentHash": "tnG8ntt/Bk6odvHREnGLMo3PEiihy5iSlIFVp0JbIo00GKtNRt2k73eKZbPqR5yaJNIa3z8R86YLwbxfqpb17g==",
        "dependencies": {
          "runtime.osx-x64.Microsoft.DotNet.ILCompiler": "10.0.10"
        }
      },
      "runtime.osx-x64.Microsoft.DotNet.ILCompiler": {
        "type": "Transitive",
        "resolved": "10.0.10",
        "contentHash": "DXe6/ieqrY1WDme/Ilv+VaQoGqxFgT+oQgdJuP++pyGMtjx/o/mWIjk0OldcRve4KUoVylx9f6meNSsE28Obug=="
      }
    },
    "net10.0/win-arm64": {
      "Microsoft.DotNet.ILCompiler": {
        "type": "Direct",
        "requested": "[10.0.10, )",
        "resolved": "10.0.10",
        "contentHash": "tnG8ntt/Bk6odvHREnGLMo3PEiihy5iSlIFVp0JbIo00GKtNRt2k73eKZbPqR5yaJNIa3z8R86YLwbxfqpb17g==",
        "dependencies": {
          "runtime.win-arm64.Microsoft.DotNet.ILCompiler": "10.0.10"
        }
      },
      "runtime.win-arm64.Microsoft.DotNet.ILCompiler": {
        "type": "Transitive",
        "resolved": "10.0.10",
        "contentHash": "d/QREDGqcO2gqWLL1V1oRpMXdp75yGZ1ULuJJXSaw7pn8/VTgkylM/7Vtkb0W/vrFe49Sq+yfoZQv8Bie5Tkww=="
      }
    },
    "net10.0/win-x64": {
      "Microsoft.DotNet.ILCompiler": {
        "type": "Direct",
        "requested": "[10.0.10, )",
        "resolved": "10.0.10",
        "contentHash": "tnG8ntt/Bk6odvHREnGLMo3PEiihy5iSlIFVp0JbIo00GKtNRt2k73eKZbPqR5yaJNIa3z8R86YLwbxfqpb17g==",
        "dependencies": {
          "runtime.win-x64.Microsoft.DotNet.ILCompiler": "10.0.10"
        }
      },
      "runtime.win-x64.Microsoft.DotNet.ILCompiler": {
        "type": "Transitive",
        "resolved": "10.0.10",
        "contentHash": "e5P00ObvdmAl49KkvGvqDLE5+EXu/IdXCDsLghgKFXKrNybyxMmH12HuGrsO7LTIGjXI58tyN3Hwxwr/MR0d8A=="
      }
    }
  }
}