{
  "version": 1,
  "dependencies": {
    "net10.0": {
      "Meziantou.Analyzer": {
        "type": "Direct",
        "requested": "[3.0.58, )",
        "resolved": "3.0.58",
        "contentHash": "EWprZh8ONB5W4T5lajB9H3/ThznWgEVbb8sWkIZe2ZOCRPPzAdLxkFfM8z57SosJtUYGxPXvxlqGmClxw8mA9g=="
      },
      "Microsoft.DotNet.ILCompiler": {
        "type": "Direct",
        "requested": "[10.0.7, )",
        "resolved": "10.0.7",
        "contentHash": "2H7j1NltkQx04sPWBkUtFrZNBtro7vwsxRtdThP0oDj6Sn3ouGHCQlxATZ4Me2aJE67+KiXMX2V1IHDjt1uIpw=="
      },
      "Microsoft.Extensions.Logging.Abstractions": {
        "type": "Direct",
        "requested": "[10.0.7, )",
        "resolved": "10.0.7",
        "contentHash": "tIEcQ2gvERrH2KiCjdsVcHGhXt9lIsuDStfOIeZWr7/fP8IXhGiYfx0/80PNI7WPO2IYuFtlZLSlnTS8+/Mchw==",
        "dependencies": {
          "Microsoft.Extensions.DependencyInjection.Abstractions": "10.0.7"
        }
      },
      "Microsoft.NET.ILLink.Tasks": {
        "type": "Direct",
        "requested": "[10.0.3, )",
        "resolved": "10.0.3",
        "contentHash": "0B6nZyCHWXnvmlB559oduOspVdNOnpNXPjhpWVMovLPAsDVG7A4jJR9rzECf67JUzxP8/ee/wA8clwIzJcWNFA=="
      },
      "NetEscapades.EnumGenerators.Interceptors": {
        "type": "Direct",
        "requested": "[1.0.0-beta21, )",
        "resolved": "1.0.0-beta21",
        "contentHash": "8+ttOIpxpdQaMPmbby3fBCoJViT2O5RVGZKbyUqzoXfstNF3sjFDRTZvwu8kN/qM8iUaRJ5x0bDneGlSofeW0A==",
        "dependencies": {
          "NetEscapades.EnumGenerators": "1.0.0-beta21"
        }
      },
      "System.Threading.RateLimiting": {
        "type": "Direct",
        "requested": "[10.0.8, )",
        "resolved": "10.0.8",
        "contentHash": "/xN6RLDCClJl4wkwN6UGuDBJev7DUyXBi43h1/dDiZLP5nzkiHV/LVzutNkO00nCGLpybKYbih4VwYIFoaIxsQ=="
      },
      "Microsoft.Extensions.DependencyInjection.Abstractions": {
        "type": "Transitive",
        "resolved": "10.0.7",
        "contentHash": "Z6mfFEaFcwCfSboxJwOLfu7/31npCY9q70WUamHW/vRQhDvBKOT4Vf9YkZj5J6hLvJpb0oDEYfHunQZj0xxvKw=="
      },
      "NetEscapades.EnumGenerators": {
        "type": "Transitive",
        "resolved": "1.0.0-beta21",
        "contentHash": "GVhHFXkDBqzD96oc6sJGh9LQh+f50KvbwGxy+k5JuzIS8BHuTANo34tlJrv9T7jmofbucnE4pPhvPMu8dS0QUg==",
        "dependencies": {
          "NetEscapades.EnumGenerators.Generators": "1.0.0-beta21",
          "NetEscapades.EnumGenerators.RuntimeDependencies": "1.0.0-beta21"
        }
      },
      "NetEscapades.EnumGenerators.Generators": {
        "type": "Transitive",
        "resolved": "1.0.0-beta21",
        "contentHash": "hztPmuEjHzLqDM4gvXfRuaBAQt3EpRaduQoLW8jDxIk1lXuJwTGl+L5NTERx5WKyV3vDzQK9mDPwzA+E/R2xHA=="
      },
      "NetEscapades.EnumGenerators.RuntimeDependencies": {
        "type": "Transitive",
        "resolved": "1.0.0-beta21",
        "contentHash": "BYUQMIv1MFaFurVlxfyVFTTwwgMsfmGJLn2wiP77ZmegZ9WJbcRD+n62v4q2FOrBMPuP0W1bESASM1Wye/8sCw=="
      }
    },
    "net10.0/linux-arm64": {
      "Microsoft.DotNet.ILCompiler": {
        "type": "Direct",
        "requested": "[10.0.7, )",
        "resolved": "10.0.7",
        "contentHash": "2H7j1NltkQx04sPWBkUtFrZNBtro7vwsxRtdThP0oDj6Sn3ouGHCQlxATZ4Me2aJE67+KiXMX2V1IHDjt1uIpw==",
        "dependencies": {
          "runtime.linux-arm64.Microsoft.DotNet.ILCompiler": "10.0.7"
        }
      },
      "runtime.linux-arm64.Microsoft.DotNet.ILCompiler": {
        "type": "Transitive",
        "resolved": "10.0.7",
        "contentHash": "00US9QUBA6b90aObdeoHWE5hNp3Fn5w5XifNoHRcmz4P3zKy6t3aeqePHTsgB2HOBkoNg0CaLczsAjYeJdtSYQ=="
      }
    },
    "net10.0/linux-x64": {
      "Microsoft.DotNet.ILCompiler": {
        "type": "Direct",
        "requested": "[10.0.7, )",
        "resolved": "10.0.7",
        "contentHash": "2H7j1NltkQx04sPWBkUtFrZNBtro7vwsxRtdThP0oDj6Sn3ouGHCQlxATZ4Me2aJE67+KiXMX2V1IHDjt1uIpw==",
        "dependencies": {
          "runtime.linux-x64.Microsoft.DotNet.ILCompiler": "10.0.7"
        }
      },
      "runtime.linux-x64.Microsoft.DotNet.ILCompiler": {
        "type": "Transitive",
        "resolved": "10.0.7",
        "contentHash": "bz+Di9NJXvaWTvoma5Pf9JrgFj6MGkbPo9dlWRo+jOHXDEme511jeWVEBWoPdoDe6BjDWRngGi9P9EUBCCgzgw=="
      }
    },
    "net10.0/osx-arm64": {
      "Microsoft.DotNet.ILCompiler": {
        "type": "Direct",
        "requested": "[10.0.7, )",
        "resolved": "10.0.7",
        "contentHash": "2H7j1NltkQx04sPWBkUtFrZNBtro7vwsxRtdThP0oDj6Sn3ouGHCQlxATZ4Me2aJE67+KiXMX2V1IHDjt1uIpw==",
        "dependencies": {
          "runtime.osx-arm64.Microsoft.DotNet.ILCompiler": "10.0.7"
        }
      },
      "runtime.osx-arm64.Microsoft.DotNet.ILCompiler": {
        "type": "Transitive",
        "resolved": "10.0.7",
        "contentHash": "ycFCaZwEvd0nNqcW53l0KWM+fz74owXpWj5C/z0GjznwAtHwmGTeh3vGTGFrXD9LEagX8G3cHRtzGDrTabIrwQ=="
      }
    },
    "net10.0/osx-x64": {
      "Microsoft.DotNet.ILCompiler": {
        "type": "Direct",
        "requested": "[10.0.7, )",
        "resolved": "10.0.7",
        "contentHash": "2H7j1NltkQx04sPWBkUtFrZNBtro7vwsxRtdThP0oDj6Sn3ouGHCQlxATZ4Me2aJE67+KiXMX2V1IHDjt1uIpw==",
        "dependencies": {
          "runtime.osx-x64.Microsoft.DotNet.ILCompiler": "10.0.7"
        }
      },
      "runtime.osx-x64.Microsoft.DotNet.ILCompiler": {
        "type": "Transitive",
        "resolved": "10.0.7",
        "contentHash": "DH8HzuE80ytf4fqskqbD3ZzGskOCTTHZyfQXOPaoKADJt7zpv9jXWvviL/NW9wn1yhvv6CE6WJOqjJDhZV5zjg=="
      }
    },
    "net10.0/win-arm64": {
      "Microsoft.DotNet.ILCompiler": {
        "type": "Direct",
        "requested": "[10.0.7, )",
        "resolved": "10.0.7",
        "contentHash": "2H7j1NltkQx04sPWBkUtFrZNBtro7vwsxRtdThP0oDj6Sn3ouGHCQlxATZ4Me2aJE67+KiXMX2V1IHDjt1uIpw==",
        "dependencies": {
          "runtime.win-arm64.Microsoft.DotNet.ILCompiler": "10.0.7"
        }
      },
      "runtime.win-arm64.Microsoft.DotNet.ILCompiler": {
        "type": "Transitive",
        "resolved": "10.0.7",
        "contentHash": "F53rGEeSdfNpPL147IC9mLSi+9TZYZcl5rmByEk9YgOJkFjhGHvb19O99U3SOMHLj+el4X6DTW2VUIzPoxf7qw=="
      }
    },
    "net10.0/win-x64": {
      "Microsoft.DotNet.ILCompiler": {
        "type": "Direct",
        "requested": "[10.0.7, )",
        "resolved": "10.0.7",
        "contentHash": "2H7j1NltkQx04sPWBkUtFrZNBtro7vwsxRtdThP0oDj6Sn3ouGHCQlxATZ4Me2aJE67+KiXMX2V1IHDjt1uIpw==",
        "dependencies": {
          "runtime.win-x64.Microsoft.DotNet.ILCompiler": "10.0.7"
        }
      },
      "runtime.win-x64.Microsoft.DotNet.ILCompiler": {
        "type": "Transitive",
        "resolved": "10.0.7",
        "contentHash": "pdlgAPDgcAMCi1XMrgKTPcovBzM0IG9j8LbsIyXS8XXXIrPRyygByqJPJnPtTPDIHxXsLmd3tlMEDULglbBdKA=="
      }
    }
  }
}