
Microsoft Visual Studio Solution File, Format Version 12.00
Project("{FAE04EC0-301F-11D3-BF4B-00C04F79EFBC}") = "Oppo", "src\Oppo\Oppo.csproj", "{20F98644-EB26-4C2C-B7ED-707F4BD7CDC3}"
EndProject
Project("{FAE04EC0-301F-11D3-BF4B-00C04F79EFBC}") = "UnfoldedCircle.OppoBluRay", "src\UnfoldedCircle.OppoBluRay\UnfoldedCircle.OppoBluRay.csproj", "{3C479BB9-1822-4BEB-9959-5D62C531EA6D}"
EndProject
Project("{2150E333-8FDC-42A3-9474-1A3956D46DE8}") = "GitHub", "GitHub", "{56E7AF97-2E80-4603-ACBD-08DA2CC05CAF}"
	ProjectSection(SolutionItems) = preProject
		.github\workflows\github-release.yml = .github\workflows\github-release.yml
		.github\workflows\dependency-review.yml = .github\workflows\dependency-review.yml
		.github\dependabot.yml = .github\dependabot.yml
		.github\workflows\docker.yml = .github\workflows\docker.yml
		.github\workflows\ci.yml = .github\workflows\ci.yml
		.github\workflows\qodana_code_quality.yml = .github\workflows\qodana_code_quality.yml
		.github\workflows\sonarqube.yml = .github\workflows\sonarqube.yml
	EndProjectSection
EndProject
Project("{2150E333-8FDC-42A3-9474-1A3956D46DE8}") = "Solution Items", "Solution Items", "{FF85200F-5EFF-4EE1-94A1-70B1408780A6}"
	ProjectSection(SolutionItems) = preProject
		.editorconfig = .editorconfig
		README.md = README.md
	EndProjectSection
EndProject
Project("{2150E333-8FDC-42A3-9474-1A3956D46DE8}") = "Build", "Build", "{52814D42-AE03-466D-A779-5B32AC41EAB3}"
	ProjectSection(SolutionItems) = preProject
		publish.sh = publish.sh
	EndProjectSection
EndProject
Project("{2150E333-8FDC-42A3-9474-1A3956D46DE8}") = "src", "src", "{2B6E3B2B-BF21-4BD6-B2A6-FA0C8583C2BA}"
EndProject
Global
	GlobalSection(SolutionConfigurationPlatforms) = preSolution
		Debug|Any CPU = Debug|Any CPU
		Release|Any CPU = Release|Any CPU
	EndGlobalSection
	GlobalSection(ProjectConfigurationPlatforms) = postSolution
		{20F98644-EB26-4C2C-B7ED-707F4BD7CDC3}.Debug|Any CPU.ActiveCfg = Debug|Any CPU
		{20F98644-EB26-4C2C-B7ED-707F4BD7CDC3}.Debug|Any CPU.Build.0 = Debug|Any CPU
		{20F98644-EB26-4C2C-B7ED-707F4BD7CDC3}.Release|Any CPU.ActiveCfg = Release|Any CPU
		{20F98644-EB26-4C2C-B7ED-707F4BD7CDC3}.Release|Any CPU.Build.0 = Release|Any CPU
		{3C479BB9-1822-4BEB-9959-5D62C531EA6D}.Debug|Any CPU.ActiveCfg = Debug|Any CPU
		{3C479BB9-1822-4BEB-9959-5D62C531EA6D}.Debug|Any CPU.Build.0 = Debug|Any CPU
		{3C479BB9-1822-4BEB-9959-5D62C531EA6D}.Release|Any CPU.ActiveCfg = Release|Any CPU
		{3C479BB9-1822-4BEB-9959-5D62C531EA6D}.Release|Any CPU.Build.0 = Release|Any CPU
	EndGlobalSection
	GlobalSection(NestedProjects) = preSolution
		{56E7AF97-2E80-4603-ACBD-08DA2CC05CAF} = {FF85200F-5EFF-4EE1-94A1-70B1408780A6}
		{52814D42-AE03-466D-A779-5B32AC41EAB3} = {FF85200F-5EFF-4EE1-94A1-70B1408780A6}
		{20F98644-EB26-4C2C-B7ED-707F4BD7CDC3} = {2B6E3B2B-BF21-4BD6-B2A6-FA0C8583C2BA}
		{3C479BB9-1822-4BEB-9959-5D62C531EA6D} = {2B6E3B2B-BF21-4BD6-B2A6-FA0C8583C2BA}
	EndGlobalSection
EndGlobal
